// !$*UTF8*$!
{
	archiveVersion = 1;
	classes = {
	};
	objectVersion = 77;
	objects = {

/* Begin PBXBuildFile section */
		3FDF7D3D4158A0020E52960F /* ContentView.swift in Sources */ = {isa = PBXBuildFile; fileRef = AE8F91A79D67B4EE4E61C9CC /* ContentView.swift */; };
		50E1C797D9DB74CB32482C90 /* VisioOneBridge.swift in Sources */ = {isa = PBXBuildFile; fileRef = BFFDF5130E4730632C49AF49 /* VisioOneBridge.swift */; };
		5AE948C390C0188E908499E8 /* WebContent in Resources */ = {isa = PBXBuildFile; fileRef = BDFA82E7DAF044589B4DF57D /* WebContent */; };
		5CBCBC7BC25F3655FFDB9449 /* Assets.xcassets in Resources */ = {isa = PBXBuildFile; fileRef = C34C4BBEB8D408F4E676FDD4 /* Assets.xcassets */; };
		69EECDC3C20BD64BFEDF3355 /* VisioOneMeetApp.swift in Sources */ = {isa = PBXBuildFile; fileRef = 02E28AAC1015E3E897957968 /* VisioOneMeetApp.swift */; };
		9D8EB87580F89AA4FF2B5996 /* MapWebView.swift in Sources */ = {isa = PBXBuildFile; fileRef = 673AD5796D2AF2821BA9174B /* MapWebView.swift */; };
/* End PBXBuildFile section */

/* Begin PBXFileReference section */
		02E28AAC1015E3E897957968 /* VisioOneMeetApp.swift */ = {isa = PBXFileReference; lastKnownFileType = sourcecode.swift; path = VisioOneMeetApp.swift; sourceTree = "<group>"; };
		5206E976F660AE4D56D4695B /* VisioOneMeet.app */ = {isa = PBXFileReference; includeInIndex = 0; lastKnownFileType = wrapper.application; path = VisioOneMeet.app; sourceTree = BUILT_PRODUCTS_DIR; };
		673AD5796D2AF2821BA9174B /* MapWebView.swift */ = {isa = PBXFileReference; lastKnownFileType = sourcecode.swift; path = MapWebView.swift; sourceTree = "<group>"; };
		AE8F91A79D67B4EE4E61C9CC /* ContentView.swift */ = {isa = PBXFileReference; lastKnownFileType = sourcecode.swift; path = ContentView.swift; sourceTree = "<group>"; };
		BDFA82E7DAF044589B4DF57D /* WebContent */ = {isa = PBXFileReference; lastKnownFileType = folder; name = WebContent; path = VisioOneMeet/WebContent; sourceTree = SOURCE_ROOT; };
		BFFDF5130E4730632C49AF49 /* VisioOneBridge.swift */ = {isa = PBXFileReference; lastKnownFileType = sourcecode.swift; path = VisioOneBridge.swift; sourceTree = "<group>"; };
		C34C4BBEB8D408F4E676FDD4 /* Assets.xcassets */ = {isa = PBXFileReference; lastKnownFileType = folder.assetcatalog; path = Assets.xcassets; sourceTree = "<group>"; };
/* End PBXFileReference section */

/* Begin PBXGroup section */
		19222E3FFF928B91BDE285E9 = {
			isa = PBXGroup;
			children = (
				E465E2BFDE0DFF6B7EFA9DA7 /* VisioOneMeet */,
				34F7112E8383259177828B2D /* Products */,
			);
			sourceTree = "<group>";
		};
		34F7112E8383259177828B2D /* Products */ = {
			isa = PBXGroup;
			children = (
				5206E976F660AE4D56D4695B /* VisioOneMeet.app */,
			);
			name = Products;
			sourceTree = "<group>";
		};
		E465E2BFDE0DFF6B7EFA9DA7 /* VisioOneMeet */ = {
			isa = PBXGroup;
			children = (
				C34C4BBEB8D408F4E676FDD4 /* Assets.xcassets */,
				AE8F91A79D67B4EE4E61C9CC /* ContentView.swift */,
				673AD5796D2AF2821BA9174B /* MapWebView.swift */,
				BFFDF5130E4730632C49AF49 /* VisioOneBridge.swift */,
				02E28AAC1015E3E897957968 /* VisioOneMeetApp.swift */,
				BDFA82E7DAF044589B4DF57D /* WebContent */,
			);
			path = VisioOneMeet;
			sourceTree = "<group>";
		};
/* End PBXGroup section */

/* Begin PBXNativeTarget section */
		77DD1B950C3E79920598CD05 /* VisioOneMeet */ = {
			isa = PBXNativeTarget;
			buildConfigurationList = D5AF2E92FF3172B33BA5DE54 /* Build configuration list for PBXNativeTarget "VisioOneMeet" */;
			buildPhases = (
				17F9F55200A56C5BD178CB8F /* Sources */,
				B64787CB15977A34E6896CF4 /* Resources */,
			);
			buildRules = (
			);
			dependencies = (
			);
			name = VisioOneMeet;
			packageProductDependencies = (
			);
			productName = VisioOneMeet;
			productReference = 5206E976F660AE4D56D4695B /* VisioOneMeet.app */;
			productType = "com.apple.product-type.application";
		};
/* End PBXNativeTarget section */

/* Begin PBXProject section */
		39B64AC994B3ACC03F720DD2 /* Project object */ = {
			isa = PBXProject;
			attributes = {
				BuildIndependentTargetsInParallel = YES;
				LastUpgradeCheck = 1430;
				TargetAttributes = {
					77DD1B950C3E79920598CD05 = {
						ProvisioningStyle = Automatic;
					};
				};
			};
			buildConfigurationList = 4D28964E8DE81D121324CB9D /* Build configuration list for PBXProject "VisioOneMeet" */;
			developmentRegion = en;
			hasScannedForEncodings = 0;
			knownRegions = (
				Base,
				en,
			);
			mainGroup = 19222E3FFF928B91BDE285E9;
			minimizedProjectReferenceProxies = 1;
			preferredProjectObjectVersion = 77;
			productRefGroup = 34F7112E8383259177828B2D /* Products */;
			projectDirPath = "";
			projectRoot = "";
			targets = (
				77DD1B950C3E79920598CD05 /* VisioOneMeet */,
			);
		};
/* End PBXProject section */

/* Begin PBXResourcesBuildPhase section */
		B64787CB15977A34E6896CF4 /* Resources */ = {
			isa = PBXResourcesBuildPhase;
			buildActionMask = 2147483647;
			files = (
				5CBCBC7BC25F3655FFDB9449 /* Assets.xcassets in Resources */,
				5AE948C390C0188E908499E8 /* WebContent in Resources */,
			);
			runOnlyForDeploymentPostprocessing = 0;
		};
/* End PBXResourcesBuildPhase section */

/* Begin PBXSourcesBuildPhase section */
		17F9F55200A56C5BD178CB8F /* Sources */ = {
			isa = PBXSourcesBuildPhase;
			buildActionMask = 2147483647;
			files = (
				3FDF7D3D4158A0020E52960F /* ContentView.swift in Sources */,
				9D8EB87580F89AA4FF2B5996 /* MapWebView.swift in Sources */,
				50E1C797D9DB74CB32482C90 /* VisioOneBridge.swift in Sources */,
				69EECDC3C20BD64BFEDF3355 /* VisioOneMeetApp.swift in Sources */,
			);
			runOnlyForDeploymentPostprocessing = 0;
		};
/* End PBXSourcesBuildPhase section */

/* Begin XCBuildConfiguration section */
		38B6A7BD35E8880CFA529C6A /* Release */ = {
			isa = XCBuildConfiguration;
			buildSettings = {
				ASSETCATALOG_COMPILER_APPICON_NAME = AppIcon;
				ASSETCATALOG_COMPILER_GLOBAL_ACCENT_COLOR_NAME = AccentColor;
				CODE_SIGN_IDENTITY = "iPhone Developer";
				CODE_SIGN_STYLE = Automatic;
				CURRENT_PROJECT_VERSION = 1;
				GENERATE_INFOPLIST_FILE = YES;
				INFOPLIST_FILE = Generated/Info.plist;
				LD_RUNPATH_SEARCH_PATHS = (
					"$(inherited)",
					"@executable_path/Frameworks",
				);
				MARKETING_VERSION = 1.0;
				PRODUCT_BUNDLE_IDENTIFIER = com.visioglobe.visioonemeet;
				PRODUCT_NAME = VisioOneMeet;
				SDKROOT = iphoneos;
				SWIFT_VERSION = 5.0;
				TARGETED_DEVICE_FAMILY = "1,2";
			};
			name = Release;
		};
		51843B7A3AFCFCFB07C924BF /* Debug */ = {
			isa = XCBuildConfiguration;
			buildSettings = {
				ALWAYS_SEARCH_USER_PATHS = NO;
				CLANG_ANALYZER_NONNULL = YES;
				CLANG_ANALYZER_NUMBER_OBJECT_CONVERSION = YES_AGGRESSIVE;
				CLANG_CXX_LANGUAGE_STANDARD = "gnu++14";
				CLANG_CXX_LIBRARY = "libc++";
				CLANG_ENABLE_MODULES = YES;
				CLANG_ENABLE_OBJC_ARC = YES;
				CLANG_ENABLE_OBJC_WEAK = YES;
				CLANG_WARN_BLOCK_CAPTURE_AUTORELEASING = YES;
				CLANG_WARN_BOOL_CONVERSION = YES;
				CLANG_WARN_COMMA = YES;
				CLANG_WARN_CONSTANT_CONVERSION = YES;
				CLANG_WARN_DEPRECATED_OBJC_IMPLEMENTATIONS = YES;
				CLANG_WARN_DIRECT_OBJC_ISA_USAGE = YES_ERROR;
				CLANG_WARN_DOCUMENTATION_COMMENTS = YES;
				CLANG_WARN_EMPTY_BODY = YES;
				CLANG_WARN_ENUM_CONVERSION = YES;
				CLANG_WARN_INFINITE_RECURSION = YES;
				CLANG_WARN_INT_CONVERSION = YES;
				CLANG_WARN_NON_LITERAL_NULL_CONVERSION = YES;
				CLANG_WARN_OBJC_IMPLICIT_RETAIN_SELF = YES;
				CLANG_WARN_OBJC_LITERAL_CONVERSION = YES;
				CLANG_WARN_OBJC_ROOT_CLASS = YES_ERROR;
				CLANG_WARN_QUOTED_INCLUDE_IN_FRAMEWORK_HEADER = YES;
				CLANG_WARN_RANGE_LOOP_ANALYSIS = YES;
				CLANG_WARN_STRICT_PROTOTYPES = YES;
				CLANG_WARN_SUSPICIOUS_MOVE = YES;
				CLANG_WARN_UNGUARDED_AVAILABILITY = YES_AGGRESSIVE;
				CLANG_WARN_UNREACHABLE_CODE = YES;
				CLANG_WARN__DUPLICATE_METHOD_MATCH = YES;
				COPY_PHASE_STRIP = NO;
				DEBUG_INFORMATION_FORMAT = dwarf;
				ENABLE_STRICT_OBJC_MSGSEND = YES;
				ENABLE_TESTABILITY = YES;
				GCC_C_LANGUAGE_STANDARD = gnu11;
				GCC_DYNAMIC_NO_PIC = NO;
				GCC_NO_COMMON_BLOCKS = YES;
				GCC_OPTIMIZATION_LEVEL = 0;
				GCC_PREPROCESSOR_DEFINITIONS = (
					"$(inherited)",
					"DEBUG=1",
				);
				GCC_WARN_64_TO_32_BIT_CONVERSION = YES;
				GCC_WARN_ABOUT_RETURN_TYPE = YES_ERROR;
				GCC_WARN_UNDECLARED_SELECTOR = YES;
				GCC_WARN_UNINITIALIZED_AUTOS = YES_AGGRESSIVE;
				GCC_WARN_UNUSED_FUNCTION = YES;
				GCC_WARN_UNUSED_VARIABLE = YES;
				IPHONEOS_DEPLOYMENT_TARGET = 16.0;
				MTL_ENABLE_DEBUG_INFO = INCLUDE_SOURCE;
				MTL_FAST_MATH = YES;
				ONLY_ACTIVE_ARCH = YES;
				PRODUCT_NAME = "$(TARGET_NAME)";
				SDKROOT = iphoneos;
				SWIFT_ACTIVE_COMPILATION_CONDITIONS = DEBUG;
				SWIFT_OPTIMIZATION_LEVEL = "-Onone";
				SWIFT_VERSION = 5.0;
			};
			name = Debug;
		};
		802147CB3F82BC604CD3A6CF /* Release */ = {
			isa = XCBuildConfiguration;
			buildSettings = {
				ALWAYS_SEARCH_USER_PATHS = NO;
				CLANG_ANALYZER_NONNULL = YES;
				CLANG_ANALYZER_NUMBER_OBJECT_CONVERSION = YES_AGGRESSIVE;
				CLANG_CXX_LANGUAGE_STANDARD = "gnu++14";
				CLANG_CXX_LIBRARY = "libc++";
				CLANG_ENABLE_MODULES = YES;
				CLANG_ENABLE_OBJC_ARC = YES;
				CLANG_ENABLE_OBJC_WEAK = YES;
				CLANG_WARN_BLOCK_CAPTURE_AUTORELEASING = YES;
				CLANG_WARN_BOOL_CONVERSION = YES;
				CLANG_WARN_COMMA = YES;
				CLANG_WARN_CONSTANT_CONVERSION = YES;
				CLANG_WARN_DEPRECATED_OBJC_IMPLEMENTATIONS = YES;
				CLANG_WARN_DIRECT_OBJC_ISA_USAGE = YES_ERROR;
				CLANG_WARN_DOCUMENTATION_COMMENTS = YES;
				CLANG_WARN_EMPTY_BODY = YES;
				CLANG_WARN_ENUM_CONVERSION = YES;
				CLANG_WARN_INFINITE_RECURSION = YES;
				CLANG_WARN_INT_CONVERSION = YES;
				CLANG_WARN_NON_LITERAL_NULL_CONVERSION = YES;
				CLANG_WARN_OBJC_IMPLICIT_RETAIN_SELF = YES;
				CLANG_WARN_OBJC_LITERAL_CONVERSION = YES;
				CLANG_WARN_OBJC_ROOT_CLASS = YES_ERROR;
				CLANG_WARN_QUOTED_INCLUDE_IN_FRAMEWORK_HEADER = YES;
				CLANG_WARN_RANGE_LOOP_ANALYSIS = YES;
				CLANG_WARN_STRICT_PROTOTYPES = YES;
				CLANG_WARN_SUSPICIOUS_MOVE = YES;
				CLANG_WARN_UNGUARDED_AVAILABILITY = YES_AGGRESSIVE;
				CLANG_WARN_UNREACHABLE_CODE = YES;
				CLANG_WARN__DUPLICATE_METHOD_MATCH = YES;
				COPY_PHASE_STRIP = NO;
				DEBUG_INFORMATION_FORMAT = "dwarf-with-dsym";
				ENABLE_NS_ASSERTIONS = NO;
				ENABLE_STRICT_OBJC_MSGSEND = YES;
				GCC_C_LANGUAGE_STANDARD = gnu11;
				GCC_NO_COMMON_BLOCKS = YES;
				GCC_WARN_64_TO_32_BIT_CONVERSION = YES;
				GCC_WARN_ABOUT_RETURN_TYPE = YES_ERROR;
				GCC_WARN_UNDECLARED_SELECTOR = YES;
				GCC_WARN_UNINITIALIZED_AUTOS = YES_AGGRESSIVE;
				GCC_WARN_UNUSED_FUNCTION = YES;
				GCC_WARN_UNUSED_VARIABLE = YES;
				IPHONEOS_DEPLOYMENT_TARGET = 16.0;
				MTL_ENABLE_DEBUG_INFO = NO;
				MTL_FAST_MATH = YES;
				PRODUCT_NAME = "$(TARGET_NAME)";
				SDKROOT = iphoneos;
				SWIFT_COMPILATION_MODE = wholemodule;
				SWIFT_OPTIMIZATION_LEVEL = "-O";
				SWIFT_VERSION = 5.0;
			};
			name = Release;
		};
		EAB450B43D4070F358E95BFF /* Debug */ = {
			isa = XCBuildConfiguration;
			buildSettings = {
				ASSETCATALOG_COMPILER_APPICON_NAME = AppIcon;
				ASSETCATALOG_COMPILER_GLOBAL_ACCENT_COLOR_NAME = AccentColor;
				CODE_SIGN_IDENTITY = "iPhone Developer";
				CODE_SIGN_STYLE = Automatic;
				CURRENT_PROJECT_VERSION = 1;
				GENERATE_INFOPLIST_FILE = YES;
				INFOPLIST_FILE = Generated/Info.plist;
				LD_RUNPATH_SEARCH_PATHS = (
					"$(inherited)",
					"@executable_path/Frameworks",
				);
				MARKETING_VERSION = 1.0;
				PRODUCT_BUNDLE_IDENTIFIER = com.visioglobe.visioonemeet;
				PRODUCT_NAME = VisioOneMeet;
				SDKROOT = iphoneos;
				SWIFT_VERSION = 5.0;
				TARGETED_DEVICE_FAMILY = "1,2";
			};
			name = Debug;
		};
/* End XCBuildConfiguration section */

/* Begin XCConfigurationList section */
		4D28964E8DE81D121324CB9D /* Build configuration list for PBXProject "VisioOneMeet" */ = {
			isa = XCConfigurationList;
			buildConfigurations = (
				51843B7A3AFCFCFB07C924BF /* Debug */,
				802147CB3F82BC604CD3A6CF /* Release */,
			);
			defaultConfigurationIsVisible = 0;
			defaultConfigurationName = Debug;
		};
		D5AF2E92FF3172B33BA5DE54 /* Build configuration list for PBXNativeTarget "VisioOneMeet" */ = {
			isa = XCConfigurationList;
			buildConfigurations = (
				EAB450B43D4070F358E95BFF /* Debug */,
				38B6A7BD35E8880CFA529C6A /* Release */,
			);
			defaultConfigurationIsVisible = 0;
			defaultConfigurationName = Debug;
		};
/* End XCConfigurationList section */
	};
	rootObject = 39B64AC994B3ACC03F720DD2 /* Project object */;
}
